
Microsoft Visual Studio Solution File, Format Version 12.00
# Visual Studio Version 16
VisualStudioVersion = 16.0.30503.244
MinimumVisualStudioVersion = 10.0.40219.1
Project("{FAE04EC0-301F-11D3-BF4B-00C04F79EFBC}") = "SetBoxTVApp.Android", "SetBoxTVApp\SetBoxTVApp.Android\SetBoxTVApp.Android.csproj", "{F52C2E33-53FE-4AD3-88C4-57F232BE2D83}"
EndProject
Project("{FAE04EC0-301F-11D3-BF4B-00C04F79EFBC}") = "SetBoxTVApp", "SetBoxTVApp\SetBoxTVApp\SetBoxTVApp.csproj", "{EE1A874F-FAC6-45A3-B2AB-BE9C25BBEFC2}"
EndProject
Global
	GlobalSection(SolutionConfigurationPlatforms) = preSolution
		Debug|Any CPU = Debug|Any CPU
		Release|Any CPU = Release|Any CPU
	EndGlobalSection
	GlobalSection(ProjectConfigurationPlatforms) = postSolution
		{F52C2E33-53FE-4AD3-88C4-57F232BE2D83}.Debug|Any CPU.ActiveCfg = Debug|Any CPU
		{F52C2E33-53FE-4AD3-88C4-57F232BE2D83}.Debug|Any CPU.Build.0 = Debug|Any CPU
		{F52C2E33-53FE-4AD3-88C4-57F232BE2D83}.Debug|Any CPU.Deploy.0 = Debug|Any CPU
		{F52C2E33-53FE-4AD3-88C4-57F232BE2D83}.Release|Any CPU.ActiveCfg = Release|Any CPU
		{F52C2E33-53FE-4AD3-88C4-57F232BE2D83}.Release|Any CPU.Build.0 = Release|Any CPU
		{F52C2E33-53FE-4AD3-88C4-57F232BE2D83}.Release|Any CPU.Deploy.0 = Release|Any CPU
		{EE1A874F-FAC6-45A3-B2AB-BE9C25BBEFC2}.Debug|Any CPU.ActiveCfg = Debug|Any CPU
		{EE1A874F-FAC6-45A3-B2AB-BE9C25BBEFC2}.Debug|Any CPU.Build.0 = Debug|Any CPU
		{EE1A874F-FAC6-45A3-B2AB-BE9C25BBEFC2}.Debug|Any CPU.Deploy.0 = Debug|Any CPU
		{EE1A874F-FAC6-45A3-B2AB-BE9C25BBEFC2}.Release|Any CPU.ActiveCfg = Release|Any CPU
		{EE1A874F-FAC6-45A3-B2AB-BE9C25BBEFC2}.Release|Any CPU.Build.0 = Release|Any CPU
		{EE1A874F-FAC6-45A3-B2AB-BE9C25BBEFC2}.Release|Any CPU.Deploy.0 = Release|Any CPU
	EndGlobalSection
	GlobalSection(SolutionProperties) = preSolution
		HideSolutionNode = FALSE
	EndGlobalSection
	GlobalSection(ExtensibilityGlobals) = postSolution
		SolutionGuid = {F5CD3C20-5327-4097-8B6B-E768EE457B30}
	EndGlobalSection
EndGlobal
