
Microsoft Visual Studio Solution File, Format Version 12.00
# Visual Studio Version 16
VisualStudioVersion = 16.0.29102.190
MinimumVisualStudioVersion = 10.0.40219.1
Project("{9A19103F-16F7-4668-BE54-9A1E7A4F7556}") = "SetBoxWebUI", "SetBoxWebUI\SetBoxWebUI.csproj", "{392636A8-3C6F-4F1F-8CE6-EDEE36181E22}"
EndProject
Project("{FAE04EC0-301F-11D3-BF4B-00C04F79EFBC}") = "SetBoxWebUITest", "SetBoxWebUITest\SetBoxWebUITest.csproj", "{C63C635B-6FA2-4301-B33C-6251D1368A9F}"
EndProject
Global
	GlobalSection(SolutionConfigurationPlatforms) = preSolution
		Debug|Any CPU = Debug|Any CPU
		Release|Any CPU = Release|Any CPU
	EndGlobalSection
	GlobalSection(ProjectConfigurationPlatforms) = postSolution
		{392636A8-3C6F-4F1F-8CE6-EDEE36181E22}.Debug|Any CPU.ActiveCfg = Debug|Any CPU
		{392636A8-3C6F-4F1F-8CE6-EDEE36181E22}.Debug|Any CPU.Build.0 = Debug|Any CPU
		{392636A8-3C6F-4F1F-8CE6-EDEE36181E22}.Release|Any CPU.ActiveCfg = Release|Any CPU
		{392636A8-3C6F-4F1F-8CE6-EDEE36181E22}.Release|Any CPU.Build.0 = Release|Any CPU
		{C63C635B-6FA2-4301-B33C-6251D1368A9F}.Debug|Any CPU.ActiveCfg = Debug|Any CPU
		{C63C635B-6FA2-4301-B33C-6251D1368A9F}.Debug|Any CPU.Build.0 = Debug|Any CPU
		{C63C635B-6FA2-4301-B33C-6251D1368A9F}.Release|Any CPU.ActiveCfg = Release|Any CPU
		{C63C635B-6FA2-4301-B33C-6251D1368A9F}.Release|Any CPU.Build.0 = Release|Any CPU
	EndGlobalSection
	GlobalSection(SolutionProperties) = preSolution
		HideSolutionNode = FALSE
	EndGlobalSection
EndGlobal
